
Microsoft Visual Studio Solution File, Format Version 12.00
# Visual Studio 15
VisualStudioVersion = 15.0.26730.16
MinimumVisualStudioVersion = 10.0.40219.1
Project("{FAE04EC0-301F-11D3-BF4B-00C04F79EFBC}") = "C03_Basic_Api_Calls", "masteringBitCoin\C03_Basic_Api_Calls.csproj", "{9729CE25-327E-4D2C-8A9E-09D69CC82C8D}"
EndProject
Project("{FAE04EC0-301F-11D3-BF4B-00C04F79EFBC}") = "MyBitcoinExperiments", "MyBitcoinExperiments\MyBitcoinExperiments.csproj", "{D910A504-CA4D-408E-BD79-B8EBEA2AE9DF}"
EndProject
Project("{FAE04EC0-301F-11D3-BF4B-00C04F79EFBC}") = "C03_Basic_Api_Calls_NBitcoin01", "C03_Basic_Api_Calls_NBitcoin01\C03_Basic_Api_Calls_NBitcoin01.csproj", "{9BBBC011-2661-4F54-8CF6-105A46DD4B2A}"
EndProject
Global
	GlobalSection(SolutionConfigurationPlatforms) = preSolution
		Debug|Any CPU = Debug|Any CPU
		Release|Any CPU = Release|Any CPU
	EndGlobalSection
	GlobalSection(ProjectConfigurationPlatforms) = postSolution
		{9729CE25-327E-4D2C-8A9E-09D69CC82C8D}.Debug|Any CPU.ActiveCfg = Debug|Any CPU
		{9729CE25-327E-4D2C-8A9E-09D69CC82C8D}.Debug|Any CPU.Build.0 = Debug|Any CPU
		{9729CE25-327E-4D2C-8A9E-09D69CC82C8D}.Release|Any CPU.ActiveCfg = Release|Any CPU
		{9729CE25-327E-4D2C-8A9E-09D69CC82C8D}.Release|Any CPU.Build.0 = Release|Any CPU
		{D910A504-CA4D-408E-BD79-B8EBEA2AE9DF}.Debug|Any CPU.ActiveCfg = Debug|Any CPU
		{D910A504-CA4D-408E-BD79-B8EBEA2AE9DF}.Debug|Any CPU.Build.0 = Debug|Any CPU
		{D910A504-CA4D-408E-BD79-B8EBEA2AE9DF}.Release|Any CPU.ActiveCfg = Release|Any CPU
		{D910A504-CA4D-408E-BD79-B8EBEA2AE9DF}.Release|Any CPU.Build.0 = Release|Any CPU
		{9BBBC011-2661-4F54-8CF6-105A46DD4B2A}.Debug|Any CPU.ActiveCfg = Debug|Any CPU
		{9BBBC011-2661-4F54-8CF6-105A46DD4B2A}.Debug|Any CPU.Build.0 = Debug|Any CPU
		{9BBBC011-2661-4F54-8CF6-105A46DD4B2A}.Release|Any CPU.ActiveCfg = Release|Any CPU
		{9BBBC011-2661-4F54-8CF6-105A46DD4B2A}.Release|Any CPU.Build.0 = Release|Any CPU
	EndGlobalSection
	GlobalSection(SolutionProperties) = preSolution
		HideSolutionNode = FALSE
	EndGlobalSection
	GlobalSection(ExtensibilityGlobals) = postSolution
		SolutionGuid = {0410F041-C195-4431-A389-49A37FE7BD5F}
	EndGlobalSection
EndGlobal
